// !$*UTF8*$!
{
	archiveVersion = 1;
	classes = {
	};
	objectVersion = 56;
	objects = {

/* Begin PBXBuildFile section */
		6B41232D2BA33FB300F5AB69 /* FollowerListVC.swift in Sources */ = {isa = PBXBuildFile; fileRef = 6B41232C2BA33FB300F5AB69 /* FollowerListVC.swift */; };
		6B41232F2BA344A500F5AB69 /* GFTitleLabel.swift in Sources */ = {isa = PBXBuildFile; fileRef = 6B41232E2BA344A500F5AB69 /* GFTitleLabel.swift */; };
		6B4123312BA345FC00F5AB69 /* GFBodyLabel.swift in Sources */ = {isa = PBXBuildFile; fileRef = 6B4123302BA345FC00F5AB69 /* GFBodyLabel.swift */; };
		6B4123332BA346BF00F5AB69 /* GFAlertVC.swift in Sources */ = {isa = PBXBuildFile; fileRef = 6B4123322BA346BF00F5AB69 /* GFAlertVC.swift */; };
		6B4123352BA34D5A00F5AB69 /* UIViewController+Ext.swift in Sources */ = {isa = PBXBuildFile; fileRef = 6B4123342BA34D5A00F5AB69 /* UIViewController+Ext.swift */; };
		6B41481F2BA44D7C009AA1DC /* Follower.swift in Sources */ = {isa = PBXBuildFile; fileRef = 6B41481E2BA44D7C009AA1DC /* Follower.swift */; };
		6B4148212BA44E2D009AA1DC /* User.swift in Sources */ = {isa = PBXBuildFile; fileRef = 6B4148202BA44E2D009AA1DC /* User.swift */; };
		6B4148242BA45223009AA1DC /* NetworkManager.swift in Sources */ = {isa = PBXBuildFile; fileRef = 6B4148232BA45223009AA1DC /* NetworkManager.swift */; };
		6B4148272BA45AB9009AA1DC /* ErrorMessage.swift in Sources */ = {isa = PBXBuildFile; fileRef = 6B4148262BA45AB9009AA1DC /* ErrorMessage.swift */; };
		6BC42D182BA07A8F0040FB8E /* AppDelegate.swift in Sources */ = {isa = PBXBuildFile; fileRef = 6BC42D172BA07A8F0040FB8E /* AppDelegate.swift */; };
		6BC42D1A2BA07A8F0040FB8E /* SceneDelegate.swift in Sources */ = {isa = PBXBuildFile; fileRef = 6BC42D192BA07A8F0040FB8E /* SceneDelegate.swift */; };
		6BC42D212BA07A910040FB8E /* Assets.xcassets in Resources */ = {isa = PBXBuildFile; fileRef = 6BC42D202BA07A910040FB8E /* Assets.xcassets */; };
		6BC42D242BA07A910040FB8E /* Base in Resources */ = {isa = PBXBuildFile; fileRef = 6BC42D232BA07A910040FB8E /* Base */; };
		6BC42D2C2BA08C460040FB8E /* SearchVC.swift in Sources */ = {isa = PBXBuildFile; fileRef = 6BC42D2B2BA08C460040FB8E /* SearchVC.swift */; };
		6BC42D2E2BA08C630040FB8E /* FavoritesListVC.swift in Sources */ = {isa = PBXBuildFile; fileRef = 6BC42D2D2BA08C630040FB8E /* FavoritesListVC.swift */; };
		6BC42D302BA08F9B0040FB8E /* GFButton.swift in Sources */ = {isa = PBXBuildFile; fileRef = 6BC42D2F2BA08F9B0040FB8E /* GFButton.swift */; };
		6BC42D322BA091AB0040FB8E /* GFTextField.swift in Sources */ = {isa = PBXBuildFile; fileRef = 6BC42D312BA091AB0040FB8E /* GFTextField.swift */; };
/* End PBXBuildFile section */

/* Begin PBXFileReference section */
		6B41232C2BA33FB300F5AB69 /* FollowerListVC.swift */ = {isa = PBXFileReference; lastKnownFileType = sourcecode.swift; path = FollowerListVC.swift; sourceTree = "<group>"; };
		6B41232E2BA344A500F5AB69 /* GFTitleLabel.swift */ = {isa = PBXFileReference; lastKnownFileType = sourcecode.swift; path = GFTitleLabel.swift; sourceTree = "<group>"; };
		6B4123302BA345FC00F5AB69 /* GFBodyLabel.swift */ = {isa = PBXFileReference; lastKnownFileType = sourcecode.swift; path = GFBodyLabel.swift; sourceTree = "<group>"; };
		6B4123322BA346BF00F5AB69 /* GFAlertVC.swift */ = {isa = PBXFileReference; lastKnownFileType = sourcecode.swift; path = GFAlertVC.swift; sourceTree = "<group>"; };
		6B4123342BA34D5A00F5AB69 /* UIViewController+Ext.swift */ = {isa = PBXFileReference; lastKnownFileType = sourcecode.swift; path = "UIViewController+Ext.swift"; sourceTree = "<group>"; };
		6B41481E2BA44D7C009AA1DC /* Follower.swift */ = {isa = PBXFileReference; lastKnownFileType = sourcecode.swift; path = Follower.swift; sourceTree = "<group>"; };
		6B4148202BA44E2D009AA1DC /* User.swift */ = {isa = PBXFileReference; lastKnownFileType = sourcecode.swift; path = User.swift; sourceTree = "<group>"; };
		6B4148232BA45223009AA1DC /* NetworkManager.swift */ = {isa = PBXFileReference; lastKnownFileType = sourcecode.swift; path = NetworkManager.swift; sourceTree = "<group>"; };
		6B4148262BA45AB9009AA1DC /* ErrorMessage.swift */ = {isa = PBXFileReference; lastKnownFileType = sourcecode.swift; path = ErrorMessage.swift; sourceTree = "<group>"; };
		6BC42D142BA07A8F0040FB8E /* GHFollowers.app */ = {isa = PBXFileReference; explicitFileType = wrapper.application; includeInIndex = 0; path = GHFollowers.app; sourceTree = BUILT_PRODUCTS_DIR; };
		6BC42D172BA07A8F0040FB8E /* AppDelegate.swift */ = {isa = PBXFileReference; lastKnownFileType = sourcecode.swift; path = AppDelegate.swift; sourceTree = "<group>"; };
		6BC42D192BA07A8F0040FB8E /* SceneDelegate.swift */ = {isa = PBXFileReference; lastKnownFileType = sourcecode.swift; path = SceneDelegate.swift; sourceTree = "<group>"; };
		6BC42D202BA07A910040FB8E /* Assets.xcassets */ = {isa = PBXFileReference; lastKnownFileType = folder.assetcatalog; path = Assets.xcassets; sourceTree = "<group>"; };
		6BC42D232BA07A910040FB8E /* Base */ = {isa = PBXFileReference; lastKnownFileType = file.storyboard; name = Base; path = Base.lproj/LaunchScreen.storyboard; sourceTree = "<group>"; };
		6BC42D252BA07A910040FB8E /* Info.plist */ = {isa = PBXFileReference; lastKnownFileType = text.plist.xml; path = Info.plist; sourceTree = "<group>"; };
		6BC42D2B2BA08C460040FB8E /* SearchVC.swift */ = {isa = PBXFileReference; lastKnownFileType = sourcecode.swift; path = SearchVC.swift; sourceTree = "<group>"; };
		6BC42D2D2BA08C630040FB8E /* FavoritesListVC.swift */ = {isa = PBXFileReference; lastKnownFileType = sourcecode.swift; path = FavoritesListVC.swift; sourceTree = "<group>"; };
		6BC42D2F2BA08F9B0040FB8E /* GFButton.swift */ = {isa = PBXFileReference; lastKnownFileType = sourcecode.swift; path = GFButton.swift; sourceTree = "<group>"; };
		6BC42D312BA091AB0040FB8E /* GFTextField.swift */ = {isa = PBXFileReference; lastKnownFileType = sourcecode.swift; path = GFTextField.swift; sourceTree = "<group>"; };
/* End PBXFileReference section */

/* Begin PBXFrameworksBuildPhase section */
		6BC42D112BA07A8F0040FB8E /* Frameworks */ = {
			isa = PBXFrameworksBuildPhase;
			buildActionMask = 2147483647;
			files = (
			);
			runOnlyForDeploymentPostprocessing = 0;
		};
/* End PBXFrameworksBuildPhase section */

/* Begin PBXGroup section */
		6B4123362BA3550F00F5AB69 /* Screens */ = {
			isa = PBXGroup;
			children = (
				6BC42D2B2BA08C460040FB8E /* SearchVC.swift */,
				6BC42D2D2BA08C630040FB8E /* FavoritesListVC.swift */,
				6B41232C2BA33FB300F5AB69 /* FollowerListVC.swift */,
			);
			path = Screens;
			sourceTree = "<group>";
		};
		6B4123372BA3553600F5AB69 /* Custom Views */ = {
			isa = PBXGroup;
			children = (
				6B4123322BA346BF00F5AB69 /* GFAlertVC.swift */,
				6BC42D2F2BA08F9B0040FB8E /* GFButton.swift */,
				6BC42D312BA091AB0040FB8E /* GFTextField.swift */,
				6B41232E2BA344A500F5AB69 /* GFTitleLabel.swift */,
				6B4123302BA345FC00F5AB69 /* GFBodyLabel.swift */,
			);
			path = "Custom Views";
			sourceTree = "<group>";
		};
		6B4123382BA3555300F5AB69 /* Extensions */ = {
			isa = PBXGroup;
			children = (
				6B4123342BA34D5A00F5AB69 /* UIViewController+Ext.swift */,
			);
			path = Extensions;
			sourceTree = "<group>";
		};
		6B4123392BA3559800F5AB69 /* Support */ = {
			isa = PBXGroup;
			children = (
				6BC42D172BA07A8F0040FB8E /* AppDelegate.swift */,
				6BC42D192BA07A8F0040FB8E /* SceneDelegate.swift */,
			);
			path = Support;
			sourceTree = "<group>";
		};
		6B41481D2BA44D72009AA1DC /* Model */ = {
			isa = PBXGroup;
			children = (
				6B41481E2BA44D7C009AA1DC /* Follower.swift */,
				6B4148202BA44E2D009AA1DC /* User.swift */,
			);
			path = Model;
			sourceTree = "<group>";
		};
		6B4148222BA45210009AA1DC /* Managers */ = {
			isa = PBXGroup;
			children = (
				6B4148232BA45223009AA1DC /* NetworkManager.swift */,
			);
			path = Managers;
			sourceTree = "<group>";
		};
		6B4148252BA45AA6009AA1DC /* Utilities */ = {
			isa = PBXGroup;
			children = (
				6B4148262BA45AB9009AA1DC /* ErrorMessage.swift */,
			);
			path = Utilities;
			sourceTree = "<group>";
		};
		6BC42D0B2BA07A8F0040FB8E = {
			isa = PBXGroup;
			children = (
				6BC42D162BA07A8F0040FB8E /* GHFollowers */,
				6BC42D152BA07A8F0040FB8E /* Products */,
			);
			sourceTree = "<group>";
		};
		6BC42D152BA07A8F0040FB8E /* Products */ = {
			isa = PBXGroup;
			children = (
				6BC42D142BA07A8F0040FB8E /* GHFollowers.app */,
			);
			name = Products;
			sourceTree = "<group>";
		};
		6BC42D162BA07A8F0040FB8E /* GHFollowers */ = {
			isa = PBXGroup;
			children = (
				6B4148252BA45AA6009AA1DC /* Utilities */,
				6B4148222BA45210009AA1DC /* Managers */,
				6B41481D2BA44D72009AA1DC /* Model */,
				6B4123392BA3559800F5AB69 /* Support */,
				6B4123362BA3550F00F5AB69 /* Screens */,
				6B4123372BA3553600F5AB69 /* Custom Views */,
				6B4123382BA3555300F5AB69 /* Extensions */,
				6BC42D202BA07A910040FB8E /* Assets.xcassets */,
				6BC42D222BA07A910040FB8E /* LaunchScreen.storyboard */,
				6BC42D252BA07A910040FB8E /* Info.plist */,
			);
			path = GHFollowers;
			sourceTree = "<group>";
		};
/* End PBXGroup section */

/* Begin PBXNativeTarget section */
		6BC42D132BA07A8F0040FB8E /* GHFollowers */ = {
			isa = PBXNativeTarget;
			buildConfigurationList = 6BC42D282BA07A910040FB8E /* Build configuration list for PBXNativeTarget "GHFollowers" */;
			buildPhases = (
				6BC42D102BA07A8F0040FB8E /* Sources */,
				6BC42D112BA07A8F0040FB8E /* Frameworks */,
				6BC42D122BA07A8F0040FB8E /* Resources */,
			);
			buildRules = (
			);
			dependencies = (
			);
			name = GHFollowers;
			productName = GHFollowers;
			productReference = 6BC42D142BA07A8F0040FB8E /* GHFollowers.app */;
			productType = "com.apple.product-type.application";
		};
/* End PBXNativeTarget section */

/* Begin PBXProject section */
		6BC42D0C2BA07A8F0040FB8E /* Project object */ = {
			isa = PBXProject;
			attributes = {
				BuildIndependentTargetsInParallel = 1;
				LastSwiftUpdateCheck = 1530;
				LastUpgradeCheck = 1530;
				TargetAttributes = {
					6BC42D132BA07A8F0040FB8E = {
						CreatedOnToolsVersion = 15.3;
					};
				};
			};
			buildConfigurationList = 6BC42D0F2BA07A8F0040FB8E /* Build configuration list for PBXProject "GHFollowers" */;
			compatibilityVersion = "Xcode 14.0";
			developmentRegion = en;
			hasScannedForEncodings = 0;
			knownRegions = (
				en,
				Base,
			);
			mainGroup = 6BC42D0B2BA07A8F0040FB8E;
			productRefGroup = 6BC42D152BA07A8F0040FB8E /* Products */;
			projectDirPath = "";
			projectRoot = "";
			targets = (
				6BC42D132BA07A8F0040FB8E /* GHFollowers */,
			);
		};
/* End PBXProject section */

/* Begin PBXResourcesBuildPhase section */
		6BC42D122BA07A8F0040FB8E /* Resources */ = {
			isa = PBXResourcesBuildPhase;
			buildActionMask = 2147483647;
			files = (
				6BC42D212BA07A910040FB8E /* Assets.xcassets in Resources */,
				6BC42D242BA07A910040FB8E /* Base in Resources */,
			);
			runOnlyForDeploymentPostprocessing = 0;
		};
/* End PBXResourcesBuildPhase section */

/* Begin PBXSourcesBuildPhase section */
		6BC42D102BA07A8F0040FB8E /* Sources */ = {
			isa = PBXSourcesBuildPhase;
			buildActionMask = 2147483647;
			files = (
				6B4148212BA44E2D009AA1DC /* User.swift in Sources */,
				6BC42D322BA091AB0040FB8E /* GFTextField.swift in Sources */,
				6BC42D2E2BA08C630040FB8E /* FavoritesListVC.swift in Sources */,
				6BC42D302BA08F9B0040FB8E /* GFButton.swift in Sources */,
				6B4123352BA34D5A00F5AB69 /* UIViewController+Ext.swift in Sources */,
				6BC42D2C2BA08C460040FB8E /* SearchVC.swift in Sources */,
				6B4123332BA346BF00F5AB69 /* GFAlertVC.swift in Sources */,
				6B4148272BA45AB9009AA1DC /* ErrorMessage.swift in Sources */,
				6B4123312BA345FC00F5AB69 /* GFBodyLabel.swift in Sources */,
				6B41481F2BA44D7C009AA1DC /* Follower.swift in Sources */,
				6B41232F2BA344A500F5AB69 /* GFTitleLabel.swift in Sources */,
				6B4148242BA45223009AA1DC /* NetworkManager.swift in Sources */,
				6B41232D2BA33FB300F5AB69 /* FollowerListVC.swift in Sources */,
				6BC42D182BA07A8F0040FB8E /* AppDelegate.swift in Sources */,
				6BC42D1A2BA07A8F0040FB8E /* SceneDelegate.swift in Sources */,
			);
			runOnlyForDeploymentPostprocessing = 0;
		};
/* End PBXSourcesBuildPhase section */

/* Begin PBXVariantGroup section */
		6BC42D222BA07A910040FB8E /* LaunchScreen.storyboard */ = {
			isa = PBXVariantGroup;
			children = (
				6BC42D232BA07A910040FB8E /* Base */,
			);
			name = LaunchScreen.storyboard;
			sourceTree = "<group>";
		};
/* End PBXVariantGroup section */

/* Begin XCBuildConfiguration section */
		6BC42D262BA07A910040FB8E /* Debug */ = {
			isa = XCBuildConfiguration;
			buildSettings = {
				ALWAYS_SEARCH_USER_PATHS = NO;
				ASSETCATALOG_COMPILER_GENERATE_SWIFT_ASSET_SYMBOL_EXTENSIONS = YES;
				CLANG_ANALYZER_NONNULL = YES;
				CLANG_ANALYZER_NUMBER_OBJECT_CONVERSION = YES_AGGRESSIVE;
				CLANG_CXX_LANGUAGE_STANDARD = "gnu++20";
				CLANG_ENABLE_MODULES = YES;
				CLANG_ENABLE_OBJC_ARC = YES;
				CLANG_ENABLE_OBJC_WEAK = YES;
				CLANG_WARN_BLOCK_CAPTURE_AUTORELEASING = YES;
				CLANG_WARN_BOOL_CONVERSION = YES;
				CLANG_WARN_COMMA = YES;
				CLANG_WARN_CONSTANT_CONVERSION = YES;
				CLANG_WARN_DEPRECATED_OBJC_IMPLEMENTATIONS = YES;
				CLANG_WARN_DIRECT_OBJC_ISA_USAGE = YES_ERROR;
				CLANG_WARN_DOCUMENTATION_COMMENTS = YES;
				CLANG_WARN_EMPTY_BODY = YES;
				CLANG_WARN_ENUM_CONVERSION = YES;
				CLANG_WARN_INFINITE_RECURSION = YES;
				CLANG_WARN_INT_CONVERSION = YES;
				CLANG_WARN_NON_LITERAL_NULL_CONVERSION = YES;
				CLANG_WARN_OBJC_IMPLICIT_RETAIN_SELF = YES;
				CLANG_WARN_OBJC_LITERAL_CONVERSION = YES;
				CLANG_WARN_OBJC_ROOT_CLASS = YES_ERROR;
				CLANG_WARN_QUOTED_INCLUDE_IN_FRAMEWORK_HEADER = YES;
				CLANG_WARN_RANGE_LOOP_ANALYSIS = YES;
				CLANG_WARN_STRICT_PROTOTYPES = YES;
				CLANG_WARN_SUSPICIOUS_MOVE = YES;
				CLANG_WARN_UNGUARDED_AVAILABILITY = YES_AGGRESSIVE;
				CLANG_WARN_UNREACHABLE_CODE = YES;
				CLANG_WARN__DUPLICATE_METHOD_MATCH = YES;
				COPY_PHASE_STRIP = NO;
				DEBUG_INFORMATION_FORMAT = dwarf;
				ENABLE_STRICT_OBJC_MSGSEND = YES;
				ENABLE_TESTABILITY = YES;
				ENABLE_USER_SCRIPT_SANDBOXING = YES;
				GCC_C_LANGUAGE_STANDARD = gnu17;
				GCC_DYNAMIC_NO_PIC = NO;
				GCC_NO_COMMON_BLOCKS = YES;
				GCC_OPTIMIZATION_LEVEL = 0;
				GCC_PREPROCESSOR_DEFINITIONS = (
					"DEBUG=1",
					"$(inherited)",
				);
				GCC_WARN_64_TO_32_BIT_CONVERSION = YES;
				GCC_WARN_ABOUT_RETURN_TYPE = YES_ERROR;
				GCC_WARN_UNDECLARED_SELECTOR = YES;
				GCC_WARN_UNINITIALIZED_AUTOS = YES_AGGRESSIVE;
				GCC_WARN_UNUSED_FUNCTION = YES;
				GCC_WARN_UNUSED_VARIABLE = YES;
				IPHONEOS_DEPLOYMENT_TARGET = 17.4;
				LOCALIZATION_PREFERS_STRING_CATALOGS = YES;
				MTL_ENABLE_DEBUG_INFO = INCLUDE_SOURCE;
				MTL_FAST_MATH = YES;
				ONLY_ACTIVE_ARCH = YES;
				SDKROOT = iphoneos;
				SWIFT_ACTIVE_COMPILATION_CONDITIONS = "DEBUG $(inherited)";
				SWIFT_OPTIMIZATION_LEVEL = "-Onone";
			};
			name = Debug;
		};
		6BC42D272BA07A910040FB8E /* Release */ = {
			isa = XCBuildConfiguration;
			buildSettings = {
				ALWAYS_SEARCH_USER_PATHS = NO;
				ASSETCATALOG_COMPILER_GENERATE_SWIFT_ASSET_SYMBOL_EXTENSIONS = YES;
				CLANG_ANALYZER_NONNULL = YES;
				CLANG_ANALYZER_NUMBER_OBJECT_CONVERSION = YES_AGGRESSIVE;
				CLANG_CXX_LANGUAGE_STANDARD = "gnu++20";
				CLANG_ENABLE_MODULES = YES;
				CLANG_ENABLE_OBJC_ARC = YES;
				CLANG_ENABLE_OBJC_WEAK = YES;
				CLANG_WARN_BLOCK_CAPTURE_AUTORELEASING = YES;
				CLANG_WARN_BOOL_CONVERSION = YES;
				CLANG_WARN_COMMA = YES;
				CLANG_WARN_CONSTANT_CONVERSION = YES;
				CLANG_WARN_DEPRECATED_OBJC_IMPLEMENTATIONS = YES;
				CLANG_WARN_DIRECT_OBJC_ISA_USAGE = YES_ERROR;
				CLANG_WARN_DOCUMENTATION_COMMENTS = YES;
				CLANG_WARN_EMPTY_BODY = YES;
				CLANG_WARN_ENUM_CONVERSION = YES;
				CLANG_WARN_INFINITE_RECURSION = YES;
				CLANG_WARN_INT_CONVERSION = YES;
				CLANG_WARN_NON_LITERAL_NULL_CONVERSION = YES;
				CLANG_WARN_OBJC_IMPLICIT_RETAIN_SELF = YES;
				CLANG_WARN_OBJC_LITERAL_CONVERSION = YES;
				CLANG_WARN_OBJC_ROOT_CLASS = YES_ERROR;
				CLANG_WARN_QUOTED_INCLUDE_IN_FRAMEWORK_HEADER = YES;
				CLANG_WARN_RANGE_LOOP_ANALYSIS = YES;
				CLANG_WARN_STRICT_PROTOTYPES = YES;
				CLANG_WARN_SUSPICIOUS_MOVE = YES;
				CLANG_WARN_UNGUARDED_AVAILABILITY = YES_AGGRESSIVE;
				CLANG_WARN_UNREACHABLE_CODE = YES;
				CLANG_WARN__DUPLICATE_METHOD_MATCH = YES;
				COPY_PHASE_STRIP = NO;
				DEBUG_INFORMATION_FORMAT = "dwarf-with-dsym";
				ENABLE_NS_ASSERTIONS = NO;
				ENABLE_STRICT_OBJC_MSGSEND = YES;
				ENABLE_USER_SCRIPT_SANDBOXING = YES;
				GCC_C_LANGUAGE_STANDARD = gnu17;
				GCC_NO_COMMON_BLOCKS = YES;
				GCC_WARN_64_TO_32_BIT_CONVERSION = YES;
				GCC_WARN_ABOUT_RETURN_TYPE = YES_ERROR;
				GCC_WARN_UNDECLARED_SELECTOR = YES;
				GCC_WARN_UNINITIALIZED_AUTOS = YES_AGGRESSIVE;
				GCC_WARN_UNUSED_FUNCTION = YES;
				GCC_WARN_UNUSED_VARIABLE = YES;
				IPHONEOS_DEPLOYMENT_TARGET = 17.4;
				LOCALIZATION_PREFERS_STRING_CATALOGS = YES;
				MTL_ENABLE_DEBUG_INFO = NO;
				MTL_FAST_MATH = YES;
				SDKROOT = iphoneos;
				SWIFT_COMPILATION_MODE = wholemodule;
				VALIDATE_PRODUCT = YES;
			};
			name = Release;
		};
		6BC42D292BA07A910040FB8E /* Debug */ = {
			isa = XCBuildConfiguration;
			buildSettings = {
				ASSETCATALOG_COMPILER_APPICON_NAME = AppIcon;
				ASSETCATALOG_COMPILER_GLOBAL_ACCENT_COLOR_NAME = AccentColor;
				CODE_SIGN_STYLE = Automatic;
				CURRENT_PROJECT_VERSION = 1;
				DEVELOPMENT_TEAM = A7B95NFWAN;
				GENERATE_INFOPLIST_FILE = YES;
				INFOPLIST_FILE = GHFollowers/Info.plist;
				INFOPLIST_KEY_UIApplicationSupportsIndirectInputEvents = YES;
				INFOPLIST_KEY_UILaunchStoryboardName = LaunchScreen;
				INFOPLIST_KEY_UISupportedInterfaceOrientations_iPad = "UIInterfaceOrientationPortrait UIInterfaceOrientationPortraitUpsideDown UIInterfaceOrientationLandscapeLeft UIInterfaceOrientationLandscapeRight";
				INFOPLIST_KEY_UISupportedInterfaceOrientations_iPhone = "UIInterfaceOrientationPortrait UIInterfaceOrientationLandscapeLeft UIInterfaceOrientationLandscapeRight";
				LD_RUNPATH_SEARCH_PATHS = (
					"$(inherited)",
					"@executable_path/Frameworks",
				);
				MARKETING_VERSION = 1.0;
				PRODUCT_BUNDLE_IDENTIFIER = com.gaspare.GHFollowers;
				PRODUCT_NAME = "$(TARGET_NAME)";
				SWIFT_EMIT_LOC_STRINGS = YES;
				SWIFT_VERSION = 5.0;
				TARGETED_DEVICE_FAMILY = "1,2";
			};
			name = Debug;
		};
		6BC42D2A2BA07A910040FB8E /* Release */ = {
			isa = XCBuildConfiguration;
			buildSettings = {
				ASSETCATALOG_COMPILER_APPICON_NAME = AppIcon;
				ASSETCATALOG_COMPILER_GLOBAL_ACCENT_COLOR_NAME = AccentColor;
				CODE_SIGN_STYLE = Automatic;
				CURRENT_PROJECT_VERSION = 1;
				DEVELOPMENT_TEAM = A7B95NFWAN;
				GENERATE_INFOPLIST_FILE = YES;
				INFOPLIST_FILE = GHFollowers/Info.plist;
				INFOPLIST_KEY_UIApplicationSupportsIndirectInputEvents = YES;
				INFOPLIST_KEY_UILaunchStoryboardName = LaunchScreen;
				INFOPLIST_KEY_UISupportedInterfaceOrientations_iPad = "UIInterfaceOrientationPortrait UIInterfaceOrientationPortraitUpsideDown UIInterfaceOrientationLandscapeLeft UIInterfaceOrientationLandscapeRight";
				INFOPLIST_KEY_UISupportedInterfaceOrientations_iPhone = "UIInterfaceOrientationPortrait UIInterfaceOrientationLandscapeLeft UIInterfaceOrientationLandscapeRight";
				LD_RUNPATH_SEARCH_PATHS = (
					"$(inherited)",
					"@executable_path/Frameworks",
				);
				MARKETING_VERSION = 1.0;
				PRODUCT_BUNDLE_IDENTIFIER = com.gaspare.GHFollowers;
				PRODUCT_NAME = "$(TARGET_NAME)";
				SWIFT_EMIT_LOC_STRINGS = YES;
				SWIFT_VERSION = 5.0;
				TARGETED_DEVICE_FAMILY = "1,2";
			};
			name = Release;
		};
/* End XCBuildConfiguration section */

/* Begin XCConfigurationList section */
		6BC42D0F2BA07A8F0040FB8E /* Build configuration list for PBXProject "GHFollowers" */ = {
			isa = XCConfigurationList;
			buildConfigurations = (
				6BC42D262BA07A910040FB8E /* Debug */,
				6BC42D272BA07A910040FB8E /* Release */,
			);
			defaultConfigurationIsVisible = 0;
			defaultConfigurationName = Release;
		};
		6BC42D282BA07A910040FB8E /* Build configuration list for PBXNativeTarget "GHFollowers" */ = {
			isa = XCConfigurationList;
			buildConfigurations = (
				6BC42D292BA07A910040FB8E /* Debug */,
				6BC42D2A2BA07A910040FB8E /* Release */,
			);
			defaultConfigurationIsVisible = 0;
			defaultConfigurationName = Release;
		};
/* End XCConfigurationList section */
	};
	rootObject = 6BC42D0C2BA07A8F0040FB8E /* Project object */;
}
